
Microsoft Visual Studio Solution File, Format Version 12.00
# Visual Studio Version 17
VisualStudioVersion = 17.4.33205.214
MinimumVisualStudioVersion = 10.0.40219.1
Project("{9A19103F-16F7-4668-BE54-9A1E7A4F7556}") = "EngineAnalyticsWebApp.UI", "EngineAnalyticsWebApp\EngineAnalyticsWebApp.UI.csproj", "{74B42974-C692-4D55-9F6C-539A02A89100}"
EndProject
Project("{9A19103F-16F7-4668-BE54-9A1E7A4F7556}") = "EngineAnalyticsWebApp.Components", "EngineAnalyticsWebApp.Components\EngineAnalyticsWebApp.Components.csproj", "{DC180EA7-1BA2-4C6B-B179-B4E1F053D51B}"
EndProject
Project("{2150E333-8FDC-42A3-9474-1A3956D46DE8}") = "1. Blazor UI", "1. Blazor UI", "{E7C3EA3A-01E5-450B-90FD-D1AF89299310}"
EndProject
Project("{2150E333-8FDC-42A3-9474-1A3956D46DE8}") = "2. Blazor Components", "2. Blazor Components", "{2803CD74-FFC1-4034-8FF9-1D069127D25D}"
EndProject
Project("{9A19103F-16F7-4668-BE54-9A1E7A4F7556}") = "EngineAnalyticsWebApp.Shared", "EngineAnalyticsWebApp.Shared\EngineAnalyticsWebApp.Shared.csproj", "{178BCEB2-B34F-4C4F-93A0-1766304E5EAD}"
EndProject
Project("{2150E333-8FDC-42A3-9474-1A3956D46DE8}") = "3. Blazor Shared", "3. Blazor Shared", "{330FD105-EF39-4E2C-ABC4-259C7488167B}"
EndProject
Global
	GlobalSection(SolutionConfigurationPlatforms) = preSolution
		Debug|Any CPU = Debug|Any CPU
		Release|Any CPU = Release|Any CPU
	EndGlobalSection
	GlobalSection(ProjectConfigurationPlatforms) = postSolution
		{74B42974-C692-4D55-9F6C-539A02A89100}.Debug|Any CPU.ActiveCfg = Debug|Any CPU
		{74B42974-C692-4D55-9F6C-539A02A89100}.Debug|Any CPU.Build.0 = Debug|Any CPU
		{74B42974-C692-4D55-9F6C-539A02A89100}.Release|Any CPU.ActiveCfg = Release|Any CPU
		{74B42974-C692-4D55-9F6C-539A02A89100}.Release|Any CPU.Build.0 = Release|Any CPU
		{DC180EA7-1BA2-4C6B-B179-B4E1F053D51B}.Debug|Any CPU.ActiveCfg = Debug|Any CPU
		{DC180EA7-1BA2-4C6B-B179-B4E1F053D51B}.Debug|Any CPU.Build.0 = Debug|Any CPU
		{DC180EA7-1BA2-4C6B-B179-B4E1F053D51B}.Release|Any CPU.ActiveCfg = Release|Any CPU
		{DC180EA7-1BA2-4C6B-B179-B4E1F053D51B}.Release|Any CPU.Build.0 = Release|Any CPU
		{178BCEB2-B34F-4C4F-93A0-1766304E5EAD}.Debug|Any CPU.ActiveCfg = Debug|Any CPU
		{178BCEB2-B34F-4C4F-93A0-1766304E5EAD}.Debug|Any CPU.Build.0 = Debug|Any CPU
		{178BCEB2-B34F-4C4F-93A0-1766304E5EAD}.Release|Any CPU.ActiveCfg = Release|Any CPU
		{178BCEB2-B34F-4C4F-93A0-1766304E5EAD}.Release|Any CPU.Build.0 = Release|Any CPU
	EndGlobalSection
	GlobalSection(SolutionProperties) = preSolution
		HideSolutionNode = FALSE
	EndGlobalSection
	GlobalSection(NestedProjects) = preSolution
		{74B42974-C692-4D55-9F6C-539A02A89100} = {E7C3EA3A-01E5-450B-90FD-D1AF89299310}
		{DC180EA7-1BA2-4C6B-B179-B4E1F053D51B} = {2803CD74-FFC1-4034-8FF9-1D069127D25D}
		{178BCEB2-B34F-4C4F-93A0-1766304E5EAD} = {330FD105-EF39-4E2C-ABC4-259C7488167B}
	EndGlobalSection
	GlobalSection(ExtensibilityGlobals) = postSolution
		SolutionGuid = {06F47609-F7A5-4032-8388-9047B6E99E30}
	EndGlobalSection
EndGlobal
