
Microsoft Visual Studio Solution File, Format Version 12.00
# Visual Studio Version 17
VisualStudioVersion = 17.7.33906.173
MinimumVisualStudioVersion = 10.0.40219.1
Project("{2150E333-8FDC-42A3-9474-1A3956D46DE8}") = "Solution Items", "Solution Items", "{ED70613A-6591-44FB-A5E7-7DD518ADCBA3}"
	ProjectSection(SolutionItems) = preProject
		.editorconfig = .editorconfig
		Directory.Build.props = Directory.Build.props
		Directory.Packages.props = Directory.Packages.props
	EndProjectSection
EndProject
Project("{9A19103F-16F7-4668-BE54-9A1E7A4F7556}") = "BlazingCollatz.WebComponents", "BlazingCollatz.WebComponents\BlazingCollatz.WebComponents.csproj", "{D5325724-DDE5-4AC6-956A-883D6739064C}"
EndProject
Project("{9A19103F-16F7-4668-BE54-9A1E7A4F7556}") = "BlazingCollatz.WebComponents.Tests", "BlazingCollatz.WebComponents.Tests\BlazingCollatz.WebComponents.Tests.csproj", "{766FD685-21F2-4087-AC46-9221DE07A561}"
EndProject
Project("{9A19103F-16F7-4668-BE54-9A1E7A4F7556}") = "BlazingCollatz.WebAssemblyHost", "BlazingCollatz.WebAssemblyHost\BlazingCollatz.WebAssemblyHost.csproj", "{BF375D91-EF18-45FD-8207-52025BDC9473}"
EndProject
Project("{9A19103F-16F7-4668-BE54-9A1E7A4F7556}") = "BlazingCollatz.ServerSideHost", "BlazingCollatz.ServerSideHost\BlazingCollatz.ServerSideHost.csproj", "{20D0EB00-D0F8-4C67-9B4B-55639F3D52A3}"
EndProject
Project("{FAE04EC0-301F-11D3-BF4B-00C04F79EFBC}") = "BlazingCollatz.ConsoleApplication", "BlazingCollatz.ConsoleApplication\BlazingCollatz.ConsoleApplication.csproj", "{80EB7278-EC70-4CAE-A51A-FE74618BD3E6}"
EndProject
Project("{FAE04EC0-301F-11D3-BF4B-00C04F79EFBC}") = "BlazingCollatz.HtmlApplication", "BlazingCollatz.HtmlApplication\BlazingCollatz.HtmlApplication.csproj", "{F0FD0EC8-16C8-4329-AB38-8A41D5EC8E23}"
EndProject
Global
	GlobalSection(SolutionConfigurationPlatforms) = preSolution
		Debug|Any CPU = Debug|Any CPU
		Release|Any CPU = Release|Any CPU
	EndGlobalSection
	GlobalSection(ProjectConfigurationPlatforms) = postSolution
		{D5325724-DDE5-4AC6-956A-883D6739064C}.Debug|Any CPU.ActiveCfg = Debug|Any CPU
		{D5325724-DDE5-4AC6-956A-883D6739064C}.Debug|Any CPU.Build.0 = Debug|Any CPU
		{D5325724-DDE5-4AC6-956A-883D6739064C}.Release|Any CPU.ActiveCfg = Release|Any CPU
		{D5325724-DDE5-4AC6-956A-883D6739064C}.Release|Any CPU.Build.0 = Release|Any CPU
		{766FD685-21F2-4087-AC46-9221DE07A561}.Debug|Any CPU.ActiveCfg = Debug|Any CPU
		{766FD685-21F2-4087-AC46-9221DE07A561}.Debug|Any CPU.Build.0 = Debug|Any CPU
		{766FD685-21F2-4087-AC46-9221DE07A561}.Release|Any CPU.ActiveCfg = Release|Any CPU
		{766FD685-21F2-4087-AC46-9221DE07A561}.Release|Any CPU.Build.0 = Release|Any CPU
		{BF375D91-EF18-45FD-8207-52025BDC9473}.Debug|Any CPU.ActiveCfg = Debug|Any CPU
		{BF375D91-EF18-45FD-8207-52025BDC9473}.Debug|Any CPU.Build.0 = Debug|Any CPU
		{BF375D91-EF18-45FD-8207-52025BDC9473}.Release|Any CPU.ActiveCfg = Release|Any CPU
		{BF375D91-EF18-45FD-8207-52025BDC9473}.Release|Any CPU.Build.0 = Release|Any CPU
		{20D0EB00-D0F8-4C67-9B4B-55639F3D52A3}.Debug|Any CPU.ActiveCfg = Debug|Any CPU
		{20D0EB00-D0F8-4C67-9B4B-55639F3D52A3}.Debug|Any CPU.Build.0 = Debug|Any CPU
		{20D0EB00-D0F8-4C67-9B4B-55639F3D52A3}.Release|Any CPU.ActiveCfg = Release|Any CPU
		{20D0EB00-D0F8-4C67-9B4B-55639F3D52A3}.Release|Any CPU.Build.0 = Release|Any CPU
		{80EB7278-EC70-4CAE-A51A-FE74618BD3E6}.Debug|Any CPU.ActiveCfg = Debug|Any CPU
		{80EB7278-EC70-4CAE-A51A-FE74618BD3E6}.Debug|Any CPU.Build.0 = Debug|Any CPU
		{80EB7278-EC70-4CAE-A51A-FE74618BD3E6}.Release|Any CPU.ActiveCfg = Release|Any CPU
		{80EB7278-EC70-4CAE-A51A-FE74618BD3E6}.Release|Any CPU.Build.0 = Release|Any CPU
		{F0FD0EC8-16C8-4329-AB38-8A41D5EC8E23}.Debug|Any CPU.ActiveCfg = Debug|Any CPU
		{F0FD0EC8-16C8-4329-AB38-8A41D5EC8E23}.Debug|Any CPU.Build.0 = Debug|Any CPU
		{F0FD0EC8-16C8-4329-AB38-8A41D5EC8E23}.Release|Any CPU.ActiveCfg = Release|Any CPU
		{F0FD0EC8-16C8-4329-AB38-8A41D5EC8E23}.Release|Any CPU.Build.0 = Release|Any CPU
	EndGlobalSection
	GlobalSection(SolutionProperties) = preSolution
		HideSolutionNode = FALSE
	EndGlobalSection
	GlobalSection(ExtensibilityGlobals) = postSolution
		SolutionGuid = {54715B95-217A-472D-87B8-E1526A24AC3D}
	EndGlobalSection
EndGlobal
