
Microsoft Visual Studio Solution File, Format Version 12.00
# Visual Studio Version 17
VisualStudioVersion = 17.8.34302.71
MinimumVisualStudioVersion = 10.0.40219.1
Project("{FAE04EC0-301F-11D3-BF4B-00C04F79EFBC}") = "DeviceAPIAccess", "DeviceAPIAccess\DeviceAPIAccess.csproj", "{578816A7-9C3F-4728-8C3A-5E79CEBB3423}"
EndProject
Global
	GlobalSection(SolutionConfigurationPlatforms) = preSolution
		Debug|Any CPU = Debug|Any CPU
		Release|Any CPU = Release|Any CPU
	EndGlobalSection
	GlobalSection(ProjectConfigurationPlatforms) = postSolution
		{578816A7-9C3F-4728-8C3A-5E79CEBB3423}.Debug|Any CPU.ActiveCfg = Debug|Any CPU
		{578816A7-9C3F-4728-8C3A-5E79CEBB3423}.Debug|Any CPU.Build.0 = Debug|Any CPU
		{578816A7-9C3F-4728-8C3A-5E79CEBB3423}.Debug|Any CPU.Deploy.0 = Debug|Any CPU
		{578816A7-9C3F-4728-8C3A-5E79CEBB3423}.Release|Any CPU.ActiveCfg = Release|Any CPU
		{578816A7-9C3F-4728-8C3A-5E79CEBB3423}.Release|Any CPU.Build.0 = Release|Any CPU
		{578816A7-9C3F-4728-8C3A-5E79CEBB3423}.Release|Any CPU.Deploy.0 = Release|Any CPU
	EndGlobalSection
	GlobalSection(SolutionProperties) = preSolution
		HideSolutionNode = FALSE
	EndGlobalSection
	GlobalSection(ExtensibilityGlobals) = postSolution
		SolutionGuid = {F6FB2B7E-3CD1-4382-B373-B98DEF9B03D0}
	EndGlobalSection
EndGlobal
