Microsoft Visual Studio Solution File, Format Version 12.00
# Visual Studio Version 17
VisualStudioVersion = 17.0.31611.283
MinimumVisualStudioVersion = 10.0.40219.1
Project("{9A19103F-16F7-4668-BE54-9A1E7A4F7556}") = "DeviceAPIAccess", "DeviceAPIAccess\DeviceAPIAccess.csproj", "{BF46E635-01FC-40F7-983D-8CFCF3D8C88C}"
EndProject
Global
	GlobalSection(SolutionConfigurationPlatforms) = preSolution
		Debug|Any CPU = Debug|Any CPU
		Release|Any CPU = Release|Any CPU
	EndGlobalSection
	GlobalSection(ProjectConfigurationPlatforms) = postSolution
		{BF46E635-01FC-40F7-983D-8CFCF3D8C88C}.Debug|Any CPU.ActiveCfg = Debug|Any CPU
		{BF46E635-01FC-40F7-983D-8CFCF3D8C88C}.Debug|Any CPU.Build.0 = Debug|Any CPU
		{BF46E635-01FC-40F7-983D-8CFCF3D8C88C}.Debug|Any CPU.Deploy.0 = Debug|Any CPU
		{BF46E635-01FC-40F7-983D-8CFCF3D8C88C}.Release|Any CPU.ActiveCfg = Release|Any CPU
		{BF46E635-01FC-40F7-983D-8CFCF3D8C88C}.Release|Any CPU.Build.0 = Release|Any CPU
		{BF46E635-01FC-40F7-983D-8CFCF3D8C88C}.Release|Any CPU.Deploy.0 = Release|Any CPU
	EndGlobalSection
	GlobalSection(SolutionProperties) = preSolution
		HideSolutionNode = FALSE
	EndGlobalSection
	GlobalSection(ExtensibilityGlobals) = postSolution
		        SolutionGuid = {61F7FB11-1E47-470C-91E2-47F8143E1572}
	EndGlobalSection
EndGlobal
