
Microsoft Visual Studio Solution File, Format Version 12.00
# Visual Studio Version 17
VisualStudioVersion = 17.10.34818.151
MinimumVisualStudioVersion = 10.0.40219.1
Project("{FAE04EC0-301F-11D3-BF4B-00C04F79EFBC}") = "ThreadingDemo", "ThreadingDemo\ThreadingDemo\ThreadingDemo.csproj", "{24C1E1F5-55DA-4668-8D3F-28CF782F4385}"
EndProject
Project("{FAE04EC0-301F-11D3-BF4B-00C04F79EFBC}") = "ThreadingDemo.Client", "ThreadingDemo\ThreadingDemo.Client\ThreadingDemo.Client.csproj", "{127ECFFC-063E-4B53-9A6A-47C453D125D9}"
EndProject
Global
	GlobalSection(SolutionConfigurationPlatforms) = preSolution
		Debug|Any CPU = Debug|Any CPU
		Release|Any CPU = Release|Any CPU
	EndGlobalSection
	GlobalSection(ProjectConfigurationPlatforms) = postSolution
		{24C1E1F5-55DA-4668-8D3F-28CF782F4385}.Debug|Any CPU.ActiveCfg = Debug|Any CPU
		{24C1E1F5-55DA-4668-8D3F-28CF782F4385}.Debug|Any CPU.Build.0 = Debug|Any CPU
		{24C1E1F5-55DA-4668-8D3F-28CF782F4385}.Release|Any CPU.ActiveCfg = Release|Any CPU
		{24C1E1F5-55DA-4668-8D3F-28CF782F4385}.Release|Any CPU.Build.0 = Release|Any CPU
		{127ECFFC-063E-4B53-9A6A-47C453D125D9}.Debug|Any CPU.ActiveCfg = Debug|Any CPU
		{127ECFFC-063E-4B53-9A6A-47C453D125D9}.Debug|Any CPU.Build.0 = Debug|Any CPU
		{127ECFFC-063E-4B53-9A6A-47C453D125D9}.Release|Any CPU.ActiveCfg = Release|Any CPU
		{127ECFFC-063E-4B53-9A6A-47C453D125D9}.Release|Any CPU.Build.0 = Release|Any CPU
	EndGlobalSection
	GlobalSection(SolutionProperties) = preSolution
		HideSolutionNode = FALSE
	EndGlobalSection
	GlobalSection(ExtensibilityGlobals) = postSolution
		SolutionGuid = {1F542118-7888-4AC1-A89A-5ADD57EC3F28}
	EndGlobalSection
EndGlobal
