
Microsoft Visual Studio Solution File, Format Version 12.00
# Visual Studio Version 17
VisualStudioVersion = 17.4.33213.308
MinimumVisualStudioVersion = 10.0.40219.1
Project("{9A19103F-16F7-4668-BE54-9A1E7A4F7556}") = "BlazingCollatz.WebComponents", "BlazingCollatz.WebComponents\BlazingCollatz.WebComponents.csproj", "{B3811256-3D5B-489A-8126-8582473E5F6E}"
EndProject
Project("{2150E333-8FDC-42A3-9474-1A3956D46DE8}") = "Solution Items", "Solution Items", "{0B07CBCC-1F7C-4969-81F5-2F34DA34059A}"
	ProjectSection(SolutionItems) = preProject
		.editorconfig = .editorconfig
		Protos\collatz.proto = Protos\collatz.proto
		Directory.Build.props = Directory.Build.props
		Directory.Packages.props = Directory.Packages.props
		value.txt = value.txt
	EndProjectSection
EndProject
Project("{9A19103F-16F7-4668-BE54-9A1E7A4F7556}") = "BlazingCollatz.WebComponents.Tests", "BlazingCollatz.WebComponents.Tests\BlazingCollatz.WebComponents.Tests.csproj", "{86CC1DF6-A1CC-409D-9FA5-A26DBC4C4DFE}"
EndProject
Project("{9A19103F-16F7-4668-BE54-9A1E7A4F7556}") = "BlazingCollatz.ServiceHost", "BlazingCollatz.ServiceHost\BlazingCollatz.ServiceHost.csproj", "{EA9E26EC-170C-4540-B6B7-01709CDD156E}"
EndProject
Project("{9A19103F-16F7-4668-BE54-9A1E7A4F7556}") = "BlazingCollatz.ServerSideHost", "BlazingCollatz.ServerSideHost\BlazingCollatz.ServerSideHost.csproj", "{75280CB2-BBF3-432A-B20E-3BF7419BA67E}"
EndProject
Project("{9A19103F-16F7-4668-BE54-9A1E7A4F7556}") = "BlazingCollatz.WebAssemblyHost", "BlazingCollatz.WebAssemblyHost\BlazingCollatz.WebAssemblyHost.csproj", "{763971F2-6210-44D8-BD61-EA836EEDAF3C}"
EndProject
Project("{9A19103F-16F7-4668-BE54-9A1E7A4F7556}") = "BlazingCollatz.WebTests", "BlazingCollatz.WebTests\BlazingCollatz.WebTests.csproj", "{F0284052-9440-4F39-BCB5-89F87ED3AA0B}"
EndProject
Project("{9A19103F-16F7-4668-BE54-9A1E7A4F7556}") = "BlazingCollatz.HtmlApplication", "BlazingCollatz.HtmlApplication\BlazingCollatz.HtmlApplication.csproj", "{4C9BF041-F77C-42F8-BE0E-F63DB03A4C25}"
EndProject
Project("{9A19103F-16F7-4668-BE54-9A1E7A4F7556}") = "BlazingCollatz.ConsoleApplication", "BlazingCollatz.ConsoleApplication\BlazingCollatz.ConsoleApplication.csproj", "{2E20055A-D839-41E5-BCED-68DEDD09FC65}"
EndProject
Global
	GlobalSection(SolutionConfigurationPlatforms) = preSolution
		Debug|Any CPU = Debug|Any CPU
		Release|Any CPU = Release|Any CPU
	EndGlobalSection
	GlobalSection(ProjectConfigurationPlatforms) = postSolution
		{B3811256-3D5B-489A-8126-8582473E5F6E}.Debug|Any CPU.ActiveCfg = Debug|Any CPU
		{B3811256-3D5B-489A-8126-8582473E5F6E}.Debug|Any CPU.Build.0 = Debug|Any CPU
		{B3811256-3D5B-489A-8126-8582473E5F6E}.Release|Any CPU.ActiveCfg = Release|Any CPU
		{B3811256-3D5B-489A-8126-8582473E5F6E}.Release|Any CPU.Build.0 = Release|Any CPU
		{86CC1DF6-A1CC-409D-9FA5-A26DBC4C4DFE}.Debug|Any CPU.ActiveCfg = Debug|Any CPU
		{86CC1DF6-A1CC-409D-9FA5-A26DBC4C4DFE}.Debug|Any CPU.Build.0 = Debug|Any CPU
		{86CC1DF6-A1CC-409D-9FA5-A26DBC4C4DFE}.Release|Any CPU.ActiveCfg = Release|Any CPU
		{86CC1DF6-A1CC-409D-9FA5-A26DBC4C4DFE}.Release|Any CPU.Build.0 = Release|Any CPU
		{EA9E26EC-170C-4540-B6B7-01709CDD156E}.Debug|Any CPU.ActiveCfg = Debug|Any CPU
		{EA9E26EC-170C-4540-B6B7-01709CDD156E}.Debug|Any CPU.Build.0 = Debug|Any CPU
		{EA9E26EC-170C-4540-B6B7-01709CDD156E}.Release|Any CPU.ActiveCfg = Release|Any CPU
		{EA9E26EC-170C-4540-B6B7-01709CDD156E}.Release|Any CPU.Build.0 = Release|Any CPU
		{75280CB2-BBF3-432A-B20E-3BF7419BA67E}.Debug|Any CPU.ActiveCfg = Debug|Any CPU
		{75280CB2-BBF3-432A-B20E-3BF7419BA67E}.Debug|Any CPU.Build.0 = Debug|Any CPU
		{75280CB2-BBF3-432A-B20E-3BF7419BA67E}.Release|Any CPU.ActiveCfg = Release|Any CPU
		{75280CB2-BBF3-432A-B20E-3BF7419BA67E}.Release|Any CPU.Build.0 = Release|Any CPU
		{763971F2-6210-44D8-BD61-EA836EEDAF3C}.Debug|Any CPU.ActiveCfg = Debug|Any CPU
		{763971F2-6210-44D8-BD61-EA836EEDAF3C}.Debug|Any CPU.Build.0 = Debug|Any CPU
		{763971F2-6210-44D8-BD61-EA836EEDAF3C}.Release|Any CPU.ActiveCfg = Release|Any CPU
		{763971F2-6210-44D8-BD61-EA836EEDAF3C}.Release|Any CPU.Build.0 = Release|Any CPU
		{F0284052-9440-4F39-BCB5-89F87ED3AA0B}.Debug|Any CPU.ActiveCfg = Debug|Any CPU
		{F0284052-9440-4F39-BCB5-89F87ED3AA0B}.Debug|Any CPU.Build.0 = Debug|Any CPU
		{F0284052-9440-4F39-BCB5-89F87ED3AA0B}.Release|Any CPU.ActiveCfg = Release|Any CPU
		{F0284052-9440-4F39-BCB5-89F87ED3AA0B}.Release|Any CPU.Build.0 = Release|Any CPU
		{4C9BF041-F77C-42F8-BE0E-F63DB03A4C25}.Debug|Any CPU.ActiveCfg = Debug|Any CPU
		{4C9BF041-F77C-42F8-BE0E-F63DB03A4C25}.Debug|Any CPU.Build.0 = Debug|Any CPU
		{4C9BF041-F77C-42F8-BE0E-F63DB03A4C25}.Release|Any CPU.ActiveCfg = Release|Any CPU
		{4C9BF041-F77C-42F8-BE0E-F63DB03A4C25}.Release|Any CPU.Build.0 = Release|Any CPU
		{2E20055A-D839-41E5-BCED-68DEDD09FC65}.Debug|Any CPU.ActiveCfg = Debug|Any CPU
		{2E20055A-D839-41E5-BCED-68DEDD09FC65}.Debug|Any CPU.Build.0 = Debug|Any CPU
		{2E20055A-D839-41E5-BCED-68DEDD09FC65}.Release|Any CPU.ActiveCfg = Release|Any CPU
		{2E20055A-D839-41E5-BCED-68DEDD09FC65}.Release|Any CPU.Build.0 = Release|Any CPU
	EndGlobalSection
	GlobalSection(SolutionProperties) = preSolution
		HideSolutionNode = FALSE
	EndGlobalSection
	GlobalSection(ExtensibilityGlobals) = postSolution
		SolutionGuid = {F4424A7F-9DFE-4C84-A2C0-6DACFDF86EC0}
	EndGlobalSection
EndGlobal
