
Microsoft Visual Studio Solution File, Format Version 12.00
# Visual Studio Version 17
VisualStudioVersion = 17.8.34212.112
MinimumVisualStudioVersion = 10.0.40219.1
Project("{9A19103F-16F7-4668-BE54-9A1E7A4F7556}") = "BlazingCollatz.WebComponents", "BlazingCollatz.WebComponents\BlazingCollatz.WebComponents.csproj", "{2BD49713-68A5-4C06-8655-7AB297236DE2}"
EndProject
Project("{2150E333-8FDC-42A3-9474-1A3956D46DE8}") = "Solution Items", "Solution Items", "{6238478F-DF4C-49E6-9D51-4AA7E89D660F}"
	ProjectSection(SolutionItems) = preProject
		.editorconfig = .editorconfig
		Directory.Build.props = Directory.Build.props
		Directory.Packages.props = Directory.Packages.props
	EndProjectSection
EndProject
Project("{9A19103F-16F7-4668-BE54-9A1E7A4F7556}") = "BlazingCollatz.WebComponents.Tests", "BlazingCollatz.WebComponents.Tests\BlazingCollatz.WebComponents.Tests.csproj", "{29D66A5F-C936-48F6-8D17-825E115632AC}"
EndProject
Project("{9A19103F-16F7-4668-BE54-9A1E7A4F7556}") = "BlazingCollatz.WebAssemblyHost", "BlazingCollatz.WebAssemblyHost\BlazingCollatz.WebAssemblyHost.csproj", "{4FD446CD-F97B-4A8B-A70E-B933054C6C51}"
EndProject
Project("{9A19103F-16F7-4668-BE54-9A1E7A4F7556}") = "BlazingCollatz.ServerSideHost", "BlazingCollatz.ServerSideHost\BlazingCollatz.ServerSideHost.csproj", "{848045E3-F53B-4127-89C4-5C6A4CFC342C}"
EndProject
Project("{9A19103F-16F7-4668-BE54-9A1E7A4F7556}") = "BlazingCollatz.WasmApplication", "BlazingCollatz.WasmApplication\BlazingCollatz.WasmApplication.csproj", "{FABF9EFF-195B-44D5-AEF6-81E584637681}"
EndProject
Project("{9A19103F-16F7-4668-BE54-9A1E7A4F7556}") = "BlazingCollatz.WasiApplication", "BlazingCollatz.WasiApplication\BlazingCollatz.WasiApplication.csproj", "{B5944543-E9E5-4CEC-8D01-BB3F1FF98207}"
EndProject
Project("{9A19103F-16F7-4668-BE54-9A1E7A4F7556}") = "BlazingCollatz.HtmlApplication", "BlazingCollatz.HtmlApplication\BlazingCollatz.HtmlApplication.csproj", "{1E0E6C95-3C4F-4ECB-A40F-AFAD07B2BB66}"
EndProject
Project("{9A19103F-16F7-4668-BE54-9A1E7A4F7556}") = "BlazingCollatz.ConsoleApplication", "BlazingCollatz.ConsoleApplication\BlazingCollatz.ConsoleApplication.csproj", "{2FF819E2-E536-466C-922F-7DDD3824B7C5}"
EndProject
Project("{9A19103F-16F7-4668-BE54-9A1E7A4F7556}") = "BlazingCollatz.ApiApplication", "BlazingCollatz.ApiApplication\BlazingCollatz.ApiApplication.csproj", "{5D5158F7-C33B-4B7E-A542-1983E2F787F2}"
EndProject
Project("{E24C65DC-7377-472B-9ABA-BC803B73C61A}") = "publish", "blazingcollatz.webassemblyhost\bin\Release\net8.0\browser-wasm\publish\", "{9D62EA0E-B3A0-4435-9E4F-74250EF1401C}"
	ProjectSection(WebsiteProperties) = preProject
		TargetFrameworkMoniker = ".NETFramework,Version%3Dv4.8"
		Debug.AspNetCompiler.VirtualPath = "/localhost_57251"
		Debug.AspNetCompiler.PhysicalPath = "blazingcollatz.webassemblyhost\bin\Release\net8.0\browser-wasm\publish\"
		Debug.AspNetCompiler.TargetPath = "PrecompiledWeb\localhost_57251\"
		Debug.AspNetCompiler.Updateable = "true"
		Debug.AspNetCompiler.ForceOverwrite = "true"
		Debug.AspNetCompiler.FixedNames = "false"
		Debug.AspNetCompiler.Debug = "True"
		Release.AspNetCompiler.VirtualPath = "/localhost_57251"
		Release.AspNetCompiler.PhysicalPath = "blazingcollatz.webassemblyhost\bin\Release\net8.0\browser-wasm\publish\"
		Release.AspNetCompiler.TargetPath = "PrecompiledWeb\localhost_57251\"
		Release.AspNetCompiler.Updateable = "true"
		Release.AspNetCompiler.ForceOverwrite = "true"
		Release.AspNetCompiler.FixedNames = "false"
		Release.AspNetCompiler.Debug = "False"
		VWDPort = "57251"
		SlnRelativePath = "blazingcollatz.webassemblyhost\bin\Release\net8.0\browser-wasm\publish\"
	EndProjectSection
EndProject
Global
	GlobalSection(SolutionConfigurationPlatforms) = preSolution
		Debug|Any CPU = Debug|Any CPU
		Release|Any CPU = Release|Any CPU
	EndGlobalSection
	GlobalSection(ProjectConfigurationPlatforms) = postSolution
		{2BD49713-68A5-4C06-8655-7AB297236DE2}.Debug|Any CPU.ActiveCfg = Debug|Any CPU
		{2BD49713-68A5-4C06-8655-7AB297236DE2}.Debug|Any CPU.Build.0 = Debug|Any CPU
		{2BD49713-68A5-4C06-8655-7AB297236DE2}.Release|Any CPU.ActiveCfg = Release|Any CPU
		{2BD49713-68A5-4C06-8655-7AB297236DE2}.Release|Any CPU.Build.0 = Release|Any CPU
		{29D66A5F-C936-48F6-8D17-825E115632AC}.Debug|Any CPU.ActiveCfg = Debug|Any CPU
		{29D66A5F-C936-48F6-8D17-825E115632AC}.Debug|Any CPU.Build.0 = Debug|Any CPU
		{29D66A5F-C936-48F6-8D17-825E115632AC}.Release|Any CPU.ActiveCfg = Release|Any CPU
		{29D66A5F-C936-48F6-8D17-825E115632AC}.Release|Any CPU.Build.0 = Release|Any CPU
		{4FD446CD-F97B-4A8B-A70E-B933054C6C51}.Debug|Any CPU.ActiveCfg = Debug|Any CPU
		{4FD446CD-F97B-4A8B-A70E-B933054C6C51}.Debug|Any CPU.Build.0 = Debug|Any CPU
		{4FD446CD-F97B-4A8B-A70E-B933054C6C51}.Release|Any CPU.ActiveCfg = Release|Any CPU
		{4FD446CD-F97B-4A8B-A70E-B933054C6C51}.Release|Any CPU.Build.0 = Release|Any CPU
		{848045E3-F53B-4127-89C4-5C6A4CFC342C}.Debug|Any CPU.ActiveCfg = Debug|Any CPU
		{848045E3-F53B-4127-89C4-5C6A4CFC342C}.Debug|Any CPU.Build.0 = Debug|Any CPU
		{848045E3-F53B-4127-89C4-5C6A4CFC342C}.Release|Any CPU.ActiveCfg = Release|Any CPU
		{848045E3-F53B-4127-89C4-5C6A4CFC342C}.Release|Any CPU.Build.0 = Release|Any CPU
		{FABF9EFF-195B-44D5-AEF6-81E584637681}.Debug|Any CPU.ActiveCfg = Debug|Any CPU
		{FABF9EFF-195B-44D5-AEF6-81E584637681}.Debug|Any CPU.Build.0 = Debug|Any CPU
		{FABF9EFF-195B-44D5-AEF6-81E584637681}.Release|Any CPU.ActiveCfg = Release|Any CPU
		{FABF9EFF-195B-44D5-AEF6-81E584637681}.Release|Any CPU.Build.0 = Release|Any CPU
		{B5944543-E9E5-4CEC-8D01-BB3F1FF98207}.Debug|Any CPU.ActiveCfg = Debug|Any CPU
		{B5944543-E9E5-4CEC-8D01-BB3F1FF98207}.Debug|Any CPU.Build.0 = Debug|Any CPU
		{B5944543-E9E5-4CEC-8D01-BB3F1FF98207}.Release|Any CPU.ActiveCfg = Release|Any CPU
		{B5944543-E9E5-4CEC-8D01-BB3F1FF98207}.Release|Any CPU.Build.0 = Release|Any CPU
		{1E0E6C95-3C4F-4ECB-A40F-AFAD07B2BB66}.Debug|Any CPU.ActiveCfg = Debug|Any CPU
		{1E0E6C95-3C4F-4ECB-A40F-AFAD07B2BB66}.Debug|Any CPU.Build.0 = Debug|Any CPU
		{1E0E6C95-3C4F-4ECB-A40F-AFAD07B2BB66}.Release|Any CPU.ActiveCfg = Release|Any CPU
		{1E0E6C95-3C4F-4ECB-A40F-AFAD07B2BB66}.Release|Any CPU.Build.0 = Release|Any CPU
		{2FF819E2-E536-466C-922F-7DDD3824B7C5}.Debug|Any CPU.ActiveCfg = Debug|Any CPU
		{2FF819E2-E536-466C-922F-7DDD3824B7C5}.Debug|Any CPU.Build.0 = Debug|Any CPU
		{2FF819E2-E536-466C-922F-7DDD3824B7C5}.Release|Any CPU.ActiveCfg = Release|Any CPU
		{2FF819E2-E536-466C-922F-7DDD3824B7C5}.Release|Any CPU.Build.0 = Release|Any CPU
		{5D5158F7-C33B-4B7E-A542-1983E2F787F2}.Debug|Any CPU.ActiveCfg = Debug|Any CPU
		{5D5158F7-C33B-4B7E-A542-1983E2F787F2}.Debug|Any CPU.Build.0 = Debug|Any CPU
		{5D5158F7-C33B-4B7E-A542-1983E2F787F2}.Release|Any CPU.ActiveCfg = Release|Any CPU
		{5D5158F7-C33B-4B7E-A542-1983E2F787F2}.Release|Any CPU.Build.0 = Release|Any CPU
		{9D62EA0E-B3A0-4435-9E4F-74250EF1401C}.Debug|Any CPU.ActiveCfg = Debug|Any CPU
		{9D62EA0E-B3A0-4435-9E4F-74250EF1401C}.Debug|Any CPU.Build.0 = Debug|Any CPU
		{9D62EA0E-B3A0-4435-9E4F-74250EF1401C}.Release|Any CPU.ActiveCfg = Debug|Any CPU
		{9D62EA0E-B3A0-4435-9E4F-74250EF1401C}.Release|Any CPU.Build.0 = Debug|Any CPU
	EndGlobalSection
	GlobalSection(SolutionProperties) = preSolution
		HideSolutionNode = FALSE
	EndGlobalSection
	GlobalSection(ExtensibilityGlobals) = postSolution
		SolutionGuid = {64A1A2FB-7596-4AC5-83E2-68A33537F0E7}
	EndGlobalSection
EndGlobal
