
Microsoft Visual Studio Solution File, Format Version 12.00
# Visual Studio Version 17
VisualStudioVersion = 17.4.33213.308
MinimumVisualStudioVersion = 10.0.40219.1
Project("{FAE04EC0-301F-11D3-BF4B-00C04F79EFBC}") = "BlazingCollatz.WebComponents", "BlazingCollatz.WebComponents\BlazingCollatz.WebComponents.csproj", "{B3811256-3D5B-489A-8126-8582473E5F6E}"
EndProject
Project("{2150E333-8FDC-42A3-9474-1A3956D46DE8}") = "Solution Items", "Solution Items", "{0B07CBCC-1F7C-4969-81F5-2F34DA34059A}"
	ProjectSection(SolutionItems) = preProject
		.editorconfig = .editorconfig
		Protos\collatz.proto = Protos\collatz.proto
		Directory.Build.props = Directory.Build.props
	EndProjectSection
EndProject
Project("{FAE04EC0-301F-11D3-BF4B-00C04F79EFBC}") = "BlazingCollatz.WebComponents.Tests", "BlazingCollatz.WebComponents.Tests\BlazingCollatz.WebComponents.Tests.csproj", "{86CC1DF6-A1CC-409D-9FA5-A26DBC4C4DFE}"
EndProject
Project("{FAE04EC0-301F-11D3-BF4B-00C04F79EFBC}") = "BlazingCollatz.ServiceHost", "BlazingCollatz.ServiceHost\BlazingCollatz.ServiceHost.csproj", "{EA9E26EC-170C-4540-B6B7-01709CDD156E}"
EndProject
Global
	GlobalSection(SolutionConfigurationPlatforms) = preSolution
		Debug|Any CPU = Debug|Any CPU
		Release|Any CPU = Release|Any CPU
	EndGlobalSection
	GlobalSection(ProjectConfigurationPlatforms) = postSolution
		{B3811256-3D5B-489A-8126-8582473E5F6E}.Debug|Any CPU.ActiveCfg = Debug|Any CPU
		{B3811256-3D5B-489A-8126-8582473E5F6E}.Debug|Any CPU.Build.0 = Debug|Any CPU
		{B3811256-3D5B-489A-8126-8582473E5F6E}.Release|Any CPU.ActiveCfg = Release|Any CPU
		{B3811256-3D5B-489A-8126-8582473E5F6E}.Release|Any CPU.Build.0 = Release|Any CPU
		{86CC1DF6-A1CC-409D-9FA5-A26DBC4C4DFE}.Debug|Any CPU.ActiveCfg = Debug|Any CPU
		{86CC1DF6-A1CC-409D-9FA5-A26DBC4C4DFE}.Debug|Any CPU.Build.0 = Debug|Any CPU
		{86CC1DF6-A1CC-409D-9FA5-A26DBC4C4DFE}.Release|Any CPU.ActiveCfg = Release|Any CPU
		{86CC1DF6-A1CC-409D-9FA5-A26DBC4C4DFE}.Release|Any CPU.Build.0 = Release|Any CPU
		{EA9E26EC-170C-4540-B6B7-01709CDD156E}.Debug|Any CPU.ActiveCfg = Debug|Any CPU
		{EA9E26EC-170C-4540-B6B7-01709CDD156E}.Debug|Any CPU.Build.0 = Debug|Any CPU
		{EA9E26EC-170C-4540-B6B7-01709CDD156E}.Release|Any CPU.ActiveCfg = Release|Any CPU
		{EA9E26EC-170C-4540-B6B7-01709CDD156E}.Release|Any CPU.Build.0 = Release|Any CPU
	EndGlobalSection
	GlobalSection(SolutionProperties) = preSolution
		HideSolutionNode = FALSE
	EndGlobalSection
	GlobalSection(ExtensibilityGlobals) = postSolution
		SolutionGuid = {F4424A7F-9DFE-4C84-A2C0-6DACFDF86EC0}
	EndGlobalSection
EndGlobal
